
Microsoft Visual Studio Solution File, Format Version 12.00
# Visual Studio Version 17
VisualStudioVersion = 17.10.35027.167
MinimumVisualStudioVersion = 10.0.40219.1
Project("{9A19103F-16F7-4668-BE54-9A1E7A4F7556}") = "WearUp.Web", "ShopEgypt.Web\WearUp.Web.csproj", "{0282B8CB-E22F-418D-AB68-FFB9CDA5A83C}"
EndProject
Project("{9A19103F-16F7-4668-BE54-9A1E7A4F7556}") = "Web.DataAccess", "Web.DataAccess\Web.DataAccess.csproj", "{E0E5B55C-A587-4633-92B5-8B0099A0EB58}"
EndProject
Project("{9A19103F-16F7-4668-BE54-9A1E7A4F7556}") = "Web.Entites", "Web.Entites\Web.Entites.csproj", "{64094FC8-2285-4FB3-A9C5-3246B6654BB6}"
EndProject
Global
	GlobalSection(SolutionConfigurationPlatforms) = preSolution
		Debug|Any CPU = Debug|Any CPU
		Release|Any CPU = Release|Any CPU
	EndGlobalSection
	GlobalSection(ProjectConfigurationPlatforms) = postSolution
		{0282B8CB-E22F-418D-AB68-FFB9CDA5A83C}.Debug|Any CPU.ActiveCfg = Debug|Any CPU
		{0282B8CB-E22F-418D-AB68-FFB9CDA5A83C}.Debug|Any CPU.Build.0 = Debug|Any CPU
		{0282B8CB-E22F-418D-AB68-FFB9CDA5A83C}.Release|Any CPU.ActiveCfg = Release|Any CPU
		{0282B8CB-E22F-418D-AB68-FFB9CDA5A83C}.Release|Any CPU.Build.0 = Release|Any CPU
		{E0E5B55C-A587-4633-92B5-8B0099A0EB58}.Debug|Any CPU.ActiveCfg = Debug|Any CPU
		{E0E5B55C-A587-4633-92B5-8B0099A0EB58}.Debug|Any CPU.Build.0 = Debug|Any CPU
		{E0E5B55C-A587-4633-92B5-8B0099A0EB58}.Release|Any CPU.ActiveCfg = Release|Any CPU
		{E0E5B55C-A587-4633-92B5-8B0099A0EB58}.Release|Any CPU.Build.0 = Release|Any CPU
		{64094FC8-2285-4FB3-A9C5-3246B6654BB6}.Debug|Any CPU.ActiveCfg = Debug|Any CPU
		{64094FC8-2285-4FB3-A9C5-3246B6654BB6}.Debug|Any CPU.Build.0 = Debug|Any CPU
		{64094FC8-2285-4FB3-A9C5-3246B6654BB6}.Release|Any CPU.ActiveCfg = Release|Any CPU
		{64094FC8-2285-4FB3-A9C5-3246B6654BB6}.Release|Any CPU.Build.0 = Release|Any CPU
	EndGlobalSection
	GlobalSection(SolutionProperties) = preSolution
		HideSolutionNode = FALSE
	EndGlobalSection
	GlobalSection(ExtensibilityGlobals) = postSolution
		SolutionGuid = {E433B2C1-12BA-4F3B-BB0A-E054F07D7F31}
	EndGlobalSection
EndGlobal
